
Microsoft Visual Studio Solution File, Format Version 12.00
# Visual Studio Version 17
VisualStudioVersion = 17.10.35122.118
MinimumVisualStudioVersion = 10.0.40219.1
Project("{2150E333-8FDC-42A3-9474-1A3956D46DE8}") = "src", "src", "{23DF7DC2-927C-4AF8-B801-27DDFA47ED7C}"
EndProject
Project("{9A19103F-16F7-4668-BE54-9A1E7A4F7556}") = "Invio.Domain", "Invio.Domain\Invio.Domain.csproj", "{9CF5DD6B-EC05-496D-96C3-EAEFB89F113B}"
EndProject
Project("{9A19103F-16F7-4668-BE54-9A1E7A4F7556}") = "Invio.Application", "Invio.Application\Invio.Application.csproj", "{030CCA7D-FC57-46F4-BAC1-441497B19275}"
EndProject
Project("{9A19103F-16F7-4668-BE54-9A1E7A4F7556}") = "Invio.Infrastructure", "Invio.Infrastructure\Invio.Infrastructure.csproj", "{DAAD7AFE-44D1-4EF6-B309-69B3327934D5}"
EndProject
Project("{9A19103F-16F7-4668-BE54-9A1E7A4F7556}") = "Invio.Api", "Invio.Api\Invio.Api.csproj", "{F175426D-10D7-4699-817C-1AF785A145BC}"
EndProject
Project("{9A19103F-16F7-4668-BE54-9A1E7A4F7556}") = "Invio.Testes", "Invio.Testes\Invio.Testes.csproj", "{53574A97-23E5-4C00-A657-D6A0F8C65AE6}"
EndProject
Project("{54A90642-561A-4BB1-A94E-469ADEE60C69}") = "Invio.Front", "Invio.Front\Invio.Front.esproj", "{E349D549-3654-4F17-B0B0-5C996D412A14}"
EndProject
Global
	GlobalSection(SolutionConfigurationPlatforms) = preSolution
		Debug|Any CPU = Debug|Any CPU
		Release|Any CPU = Release|Any CPU
	EndGlobalSection
	GlobalSection(ProjectConfigurationPlatforms) = postSolution
		{9CF5DD6B-EC05-496D-96C3-EAEFB89F113B}.Debug|Any CPU.ActiveCfg = Debug|Any CPU
		{9CF5DD6B-EC05-496D-96C3-EAEFB89F113B}.Debug|Any CPU.Build.0 = Debug|Any CPU
		{9CF5DD6B-EC05-496D-96C3-EAEFB89F113B}.Release|Any CPU.ActiveCfg = Release|Any CPU
		{9CF5DD6B-EC05-496D-96C3-EAEFB89F113B}.Release|Any CPU.Build.0 = Release|Any CPU
		{030CCA7D-FC57-46F4-BAC1-441497B19275}.Debug|Any CPU.ActiveCfg = Debug|Any CPU
		{030CCA7D-FC57-46F4-BAC1-441497B19275}.Debug|Any CPU.Build.0 = Debug|Any CPU
		{030CCA7D-FC57-46F4-BAC1-441497B19275}.Release|Any CPU.ActiveCfg = Release|Any CPU
		{030CCA7D-FC57-46F4-BAC1-441497B19275}.Release|Any CPU.Build.0 = Release|Any CPU
		{DAAD7AFE-44D1-4EF6-B309-69B3327934D5}.Debug|Any CPU.ActiveCfg = Debug|Any CPU
		{DAAD7AFE-44D1-4EF6-B309-69B3327934D5}.Debug|Any CPU.Build.0 = Debug|Any CPU
		{DAAD7AFE-44D1-4EF6-B309-69B3327934D5}.Release|Any CPU.ActiveCfg = Release|Any CPU
		{DAAD7AFE-44D1-4EF6-B309-69B3327934D5}.Release|Any CPU.Build.0 = Release|Any CPU
		{F175426D-10D7-4699-817C-1AF785A145BC}.Debug|Any CPU.ActiveCfg = Debug|Any CPU
		{F175426D-10D7-4699-817C-1AF785A145BC}.Debug|Any CPU.Build.0 = Debug|Any CPU
		{F175426D-10D7-4699-817C-1AF785A145BC}.Release|Any CPU.ActiveCfg = Release|Any CPU
		{F175426D-10D7-4699-817C-1AF785A145BC}.Release|Any CPU.Build.0 = Release|Any CPU
		{53574A97-23E5-4C00-A657-D6A0F8C65AE6}.Debug|Any CPU.ActiveCfg = Debug|Any CPU
		{53574A97-23E5-4C00-A657-D6A0F8C65AE6}.Debug|Any CPU.Build.0 = Debug|Any CPU
		{53574A97-23E5-4C00-A657-D6A0F8C65AE6}.Release|Any CPU.ActiveCfg = Release|Any CPU
		{53574A97-23E5-4C00-A657-D6A0F8C65AE6}.Release|Any CPU.Build.0 = Release|Any CPU
		{E349D549-3654-4F17-B0B0-5C996D412A14}.Debug|Any CPU.ActiveCfg = Debug|Any CPU
		{E349D549-3654-4F17-B0B0-5C996D412A14}.Debug|Any CPU.Build.0 = Debug|Any CPU
		{E349D549-3654-4F17-B0B0-5C996D412A14}.Debug|Any CPU.Deploy.0 = Debug|Any CPU
		{E349D549-3654-4F17-B0B0-5C996D412A14}.Release|Any CPU.ActiveCfg = Release|Any CPU
		{E349D549-3654-4F17-B0B0-5C996D412A14}.Release|Any CPU.Build.0 = Release|Any CPU
		{E349D549-3654-4F17-B0B0-5C996D412A14}.Release|Any CPU.Deploy.0 = Release|Any CPU
	EndGlobalSection
	GlobalSection(SolutionProperties) = preSolution
		HideSolutionNode = FALSE
	EndGlobalSection
	GlobalSection(NestedProjects) = preSolution
		{9CF5DD6B-EC05-496D-96C3-EAEFB89F113B} = {23DF7DC2-927C-4AF8-B801-27DDFA47ED7C}
		{030CCA7D-FC57-46F4-BAC1-441497B19275} = {23DF7DC2-927C-4AF8-B801-27DDFA47ED7C}
		{DAAD7AFE-44D1-4EF6-B309-69B3327934D5} = {23DF7DC2-927C-4AF8-B801-27DDFA47ED7C}
		{F175426D-10D7-4699-817C-1AF785A145BC} = {23DF7DC2-927C-4AF8-B801-27DDFA47ED7C}
		{53574A97-23E5-4C00-A657-D6A0F8C65AE6} = {23DF7DC2-927C-4AF8-B801-27DDFA47ED7C}
		{E349D549-3654-4F17-B0B0-5C996D412A14} = {23DF7DC2-927C-4AF8-B801-27DDFA47ED7C}
	EndGlobalSection
	GlobalSection(ExtensibilityGlobals) = postSolution
		SolutionGuid = {7205EBB6-23AA-4035-9832-64F44CF744A1}
	EndGlobalSection
EndGlobal
